lockfileVersion: '9.0'

settings:
  autoInstallPeers: true
  excludeLinksFromLockfile: false

importers:

  .:
    dependencies:
      '@tweakpane/plugin-essentials':
        specifier: ^0.2.1
        version: 0.2.1(tweakpane@4.0.5)
      primitive-geometry:
        specifier: ^2.11.0
        version: 2.11.0
      tweakpane:
        specifier: ^4.0.5
        version: 4.0.5

packages:

  '@tweakpane/plugin-essentials@0.2.1':
    resolution: {integrity: sha512-VbFU1/uD+CJNFQdfLXUOLjeG5HyUZH97Ox9CxmyVetg1hqjVun3C83HAGFULyhKzl8tSgii8jr304r8QpdHwzQ==}
    peerDependencies:
      tweakpane: ^4.0.0

  primitive-geometry@2.11.0:
    resolution: {integrity: sha512-W/Kl9za7sIQWRWvY6Fvr/wnexhP6D3fBcPz4gZsE2aMiUgm0N8ZUCQiwG/h+r+P1qTKi2yEINF3x79WN6gJSXA==}
    engines: {node: '>=22.0.0', npm: '>=10.5.1', snowdev: '>=2.3.x'}

  tweakpane@4.0.5:
    resolution: {integrity: sha512-rxEXdSI+ArlG1RyO6FghC4ZUX8JkEfz8F3v1JuteXSV0pEtHJzyo07fcDG+NsJfN5L39kSbCYbB9cBGHyuI/tQ==}

snapshots:

  '@tweakpane/plugin-essentials@0.2.1(tweakpane@4.0.5)':
    dependencies:
      tweakpane: 4.0.5

  primitive-geometry@2.11.0: {}

  tweakpane@4.0.5: {}
